PODS:
  - AFNetworking (3.1.0):
    - AFNetworking/NSURLSession (= 3.1.0)
    - AFNetworking/Reachability (= 3.1.0)
    - AFNetworking/Security (= 3.1.0)
    - AFNetworking/Serialization (= 3.1.0)
    - AFNetworking/UIKit (= 3.1.0)
  - AFNetworking/NSURLSession (3.1.0):
    - AFNetworking/Reachability
    - AFNetworking/Security
    - AFNetworking/Serialization
  - AFNetworking/Reachability (3.1.0)
  - AFNetworking/Security (3.1.0)
  - AFNetworking/Serialization (3.1.0)
  - AFNetworking/UIKit (3.1.0):
    - AFNetworking/NSURLSession
  - AMap3DMap (5.4.0):
    - AMapFoundation (~> 1.3)
  - AMapFoundation (1.4.2)
  - AMapLocation (2.5.0):
    - AMapFoundation (~> 1.4)
  - AMapSearch (5.4.0):
    - AMapFoundation (~> 1.4)
  - BEMCheckBox (1.4.1)
  - Bugly (2.4.8)
  - DateTools (2.0.0)
  - DZNEmptyDataSet (1.8.1)
  - FDFullscreenPopGesture (1.1)
  - FSCalendar (2.8.0)
  - IQKeyboardManager (5.0.6)
  - JCore (1.1.6)
  - JDFTooltips (1.1)
  - JPush (3.0.7):
    - JCore (~> 1.1.6)
  - LBXScan (2.2):
    - LBXScan/All (= 2.2)
  - LBXScan/All (2.2):
    - LBXScan/Types (~> 2.2)
    - ZBarSDK (~> 1.3.1)
  - LBXScan/Types (2.2)
  - Masonry (1.1.0)
  - MJExtension (3.0.13)
  - MJRefresh (3.1.15)
  - pop (1.0.10)
  - QMUIKit (2.0.1):
    - QMUIKit/QMUIComponents (= 2.0.1)
    - QMUIKit/QMUICore (= 2.0.1)
    - QMUIKit/QMUIMainFrame (= 2.0.1)
    - QMUIKit/QMUIResources (= 2.0.1)
  - QMUIKit/QMUIComponents (2.0.1):
    - QMUIKit/QMUIComponents/NavigationBarTransition (= 2.0.1)
    - QMUIKit/QMUIComponents/QMUIAlertController (= 2.0.1)
    - QMUIKit/QMUIComponents/QMUIAssetLibrary (= 2.0.1)
    - QMUIKit/QMUIComponents/QMUIButton (= 2.0.1)
    - QMUIKit/QMUIComponents/QMUICellHeightCache (= 2.0.1)
    - QMUIKit/QMUIComponents/QMUICollectionViewPagingLayout (= 2.0.1)
    - QMUIKit/QMUIComponents/QMUIDialogViewController (= 2.0.1)
    - QMUIKit/QMUIComponents/QMUIEmotionView (= 2.0.1)
    - QMUIKit/QMUIComponents/QMUIEmptyView (= 2.0.1)
    - QMUIKit/QMUIComponents/QMUIFloatLayoutView (= 2.0.1)
    - QMUIKit/QMUIComponents/QMUIGridView (= 2.0.1)
    - QMUIKit/QMUIComponents/QMUIImagePickerLibrary (= 2.0.1)
    - QMUIKit/QMUIComponents/QMUIImagePreviewView (= 2.0.1)
    - QMUIKit/QMUIComponents/QMUIImagePreviewViewController (= 2.0.1)
    - QMUIKit/QMUIComponents/QMUIKeyboardManager (= 2.0.1)
    - QMUIKit/QMUIComponents/QMUILabel (= 2.0.1)
    - QMUIKit/QMUIComponents/QMUIMarqueeLabel (= 2.0.1)
    - QMUIKit/QMUIComponents/QMUIModalPresentationViewController (= 2.0.1)
    - QMUIKit/QMUIComponents/QMUIMoreOperationController (= 2.0.1)
    - QMUIKit/QMUIComponents/QMUINavigationTitleView (= 2.0.1)
    - QMUIKit/QMUIComponents/QMUIOrderedDictionary (= 2.0.1)
    - QMUIKit/QMUIComponents/QMUIPieProgressView (= 2.0.1)
    - QMUIKit/QMUIComponents/QMUIPopupContainerView (= 2.0.1)
    - QMUIKit/QMUIComponents/QMUIPopupMenuView (= 2.0.1)
    - QMUIKit/QMUIComponents/QMUIQQEmotionManager (= 2.0.1)
    - QMUIKit/QMUIComponents/QMUISearchBar (= 2.0.1)
    - QMUIKit/QMUIComponents/QMUISearchController (= 2.0.1)
    - QMUIKit/QMUIComponents/QMUISegmentedControl (= 2.0.1)
    - QMUIKit/QMUIComponents/QMUISlider (= 2.0.1)
    - QMUIKit/QMUIComponents/QMUIStaticTableView (= 2.0.1)
    - QMUIKit/QMUIComponents/QMUITableView (= 2.0.1)
    - QMUIKit/QMUIComponents/QMUITableViewCell (= 2.0.1)
    - QMUIKit/QMUIComponents/QMUITableViewProtocols (= 2.0.1)
    - QMUIKit/QMUIComponents/QMUITestView (= 2.0.1)
    - QMUIKit/QMUIComponents/QMUITextField (= 2.0.1)
    - QMUIKit/QMUIComponents/QMUITextView (= 2.0.1)
    - QMUIKit/QMUIComponents/QMUITips (= 2.0.1)
    - QMUIKit/QMUIComponents/QMUIToastView (= 2.0.1)
    - QMUIKit/QMUIComponents/QMUIVisualEffectView (= 2.0.1)
    - QMUIKit/QMUIComponents/QMUIZoomImageView (= 2.0.1)
    - QMUIKit/QMUICore
  - QMUIKit/QMUIComponents/NavigationBarTransition (2.0.1):
    - QMUIKit/QMUIComponents/QMUINavigationTitleView
    - QMUIKit/QMUICore
    - QMUIKit/QMUIMainFrame
  - QMUIKit/QMUIComponents/QMUIAlertController (2.0.1):
    - QMUIKit/QMUIComponents/QMUIButton
    - QMUIKit/QMUIComponents/QMUIModalPresentationViewController
    - QMUIKit/QMUIComponents/QMUITextField
    - QMUIKit/QMUICore
  - QMUIKit/QMUIComponents/QMUIAssetLibrary (2.0.1):
    - QMUIKit/QMUICore
  - QMUIKit/QMUIComponents/QMUIButton (2.0.1):
    - QMUIKit/QMUICore
  - QMUIKit/QMUIComponents/QMUICellHeightCache (2.0.1):
    - QMUIKit/QMUIComponents/QMUITableViewProtocols
    - QMUIKit/QMUICore
  - QMUIKit/QMUIComponents/QMUICollectionViewPagingLayout (2.0.1):
    - QMUIKit/QMUICore
  - QMUIKit/QMUIComponents/QMUIDialogViewController (2.0.1):
    - QMUIKit/QMUIComponents/QMUIButton
    - QMUIKit/QMUIComponents/QMUIModalPresentationViewController
    - QMUIKit/QMUIComponents/QMUINavigationTitleView
    - QMUIKit/QMUIComponents/QMUITableView
    - QMUIKit/QMUIComponents/QMUITableViewCell
    - QMUIKit/QMUIComponents/QMUITextField
    - QMUIKit/QMUICore
    - QMUIKit/QMUIMainFrame
  - QMUIKit/QMUIComponents/QMUIEmotionView (2.0.1):
    - QMUIKit/QMUIComponents/QMUIButton
    - QMUIKit/QMUICore
    - QMUIKit/QMUIResources
  - QMUIKit/QMUIComponents/QMUIEmptyView (2.0.1):
    - QMUIKit/QMUICore
  - QMUIKit/QMUIComponents/QMUIFloatLayoutView (2.0.1):
    - QMUIKit/QMUICore
  - QMUIKit/QMUIComponents/QMUIGridView (2.0.1):
    - QMUIKit/QMUICore
  - QMUIKit/QMUIComponents/QMUIImagePickerLibrary (2.0.1):
    - QMUIKit/QMUIComponents/QMUIAlertController
    - QMUIKit/QMUIComponents/QMUIAssetLibrary
    - QMUIKit/QMUIComponents/QMUIButton
    - QMUIKit/QMUIComponents/QMUIEmptyView
    - QMUIKit/QMUIComponents/QMUIImagePreviewViewController
    - QMUIKit/QMUIComponents/QMUIPieProgressView
    - QMUIKit/QMUIComponents/QMUITableViewCell
    - QMUIKit/QMUIComponents/QMUIZoomImageView
    - QMUIKit/QMUICore
    - QMUIKit/QMUIMainFrame
    - QMUIKit/QMUIResources
  - QMUIKit/QMUIComponents/QMUIImagePreviewView (2.0.1):
    - QMUIKit/QMUIComponents/QMUICollectionViewPagingLayout
    - QMUIKit/QMUIComponents/QMUIEmptyView
    - QMUIKit/QMUIComponents/QMUIZoomImageView
    - QMUIKit/QMUICore
  - QMUIKit/QMUIComponents/QMUIImagePreviewViewController (2.0.1):
    - QMUIKit/QMUIComponents/QMUIImagePreviewView
    - QMUIKit/QMUICore
    - QMUIKit/QMUIMainFrame
  - QMUIKit/QMUIComponents/QMUIKeyboardManager (2.0.1):
    - QMUIKit/QMUICore
  - QMUIKit/QMUIComponents/QMUILabel (2.0.1):
    - QMUIKit/QMUICore
  - QMUIKit/QMUIComponents/QMUIMarqueeLabel (2.0.1):
    - QMUIKit/QMUICore
  - QMUIKit/QMUIComponents/QMUIModalPresentationViewController (2.0.1):
    - QMUIKit/QMUICore
  - QMUIKit/QMUIComponents/QMUIMoreOperationController (2.0.1):
    - QMUIKit/QMUIComponents/QMUIButton
    - QMUIKit/QMUIComponents/QMUIModalPresentationViewController
    - QMUIKit/QMUICore
  - QMUIKit/QMUIComponents/QMUINavigationTitleView (2.0.1):
    - QMUIKit/QMUIComponents/QMUIButton
    - QMUIKit/QMUICore
  - QMUIKit/QMUIComponents/QMUIOrderedDictionary (2.0.1):
    - QMUIKit/QMUICore
  - QMUIKit/QMUIComponents/QMUIPieProgressView (2.0.1):
    - QMUIKit/QMUICore
  - QMUIKit/QMUIComponents/QMUIPopupContainerView (2.0.1):
    - QMUIKit/QMUICore
    - QMUIKit/QMUIMainFrame
  - QMUIKit/QMUIComponents/QMUIPopupMenuView (2.0.1):
    - QMUIKit/QMUIComponents/QMUIButton
    - QMUIKit/QMUIComponents/QMUIPopupContainerView
    - QMUIKit/QMUICore
  - QMUIKit/QMUIComponents/QMUIQQEmotionManager (2.0.1):
    - QMUIKit/QMUIComponents/QMUIEmotionView
    - QMUIKit/QMUICore
  - QMUIKit/QMUIComponents/QMUISearchBar (2.0.1):
    - QMUIKit/QMUICore
  - QMUIKit/QMUIComponents/QMUISearchController (2.0.1):
    - QMUIKit/QMUIComponents/QMUIEmptyView
    - QMUIKit/QMUIComponents/QMUISearchBar
    - QMUIKit/QMUICore
    - QMUIKit/QMUIMainFrame
  - QMUIKit/QMUIComponents/QMUISegmentedControl (2.0.1):
    - QMUIKit/QMUICore
  - QMUIKit/QMUIComponents/QMUISlider (2.0.1):
    - QMUIKit/QMUICore
  - QMUIKit/QMUIComponents/QMUIStaticTableView (2.0.1):
    - QMUIKit/QMUIComponents/QMUITableViewCell
    - QMUIKit/QMUICore
  - QMUIKit/QMUIComponents/QMUITableView (2.0.1):
    - QMUIKit/QMUIComponents/QMUITableViewProtocols
    - QMUIKit/QMUICore
  - QMUIKit/QMUIComponents/QMUITableViewCell (2.0.1):
    - QMUIKit/QMUIComponents/QMUIButton
    - QMUIKit/QMUICore
  - QMUIKit/QMUIComponents/QMUITableViewProtocols (2.0.1):
    - QMUIKit/QMUICore
  - QMUIKit/QMUIComponents/QMUITestView (2.0.1):
    - QMUIKit/QMUICore
  - QMUIKit/QMUIComponents/QMUITextField (2.0.1):
    - QMUIKit/QMUICore
  - QMUIKit/QMUIComponents/QMUITextView (2.0.1):
    - QMUIKit/QMUIComponents/QMUILabel
    - QMUIKit/QMUICore
  - QMUIKit/QMUIComponents/QMUITips (2.0.1):
    - QMUIKit/QMUIComponents/QMUIToastView
    - QMUIKit/QMUICore
    - QMUIKit/QMUIResources
  - QMUIKit/QMUIComponents/QMUIToastView (2.0.1):
    - QMUIKit/QMUIComponents/QMUIKeyboardManager
    - QMUIKit/QMUICore
  - QMUIKit/QMUIComponents/QMUIVisualEffectView (2.0.1):
    - QMUIKit/QMUICore
  - QMUIKit/QMUIComponents/QMUIZoomImageView (2.0.1):
    - QMUIKit/QMUIComponents/QMUIButton
    - QMUIKit/QMUIComponents/QMUIEmptyView
    - QMUIKit/QMUIComponents/QMUISlider
    - QMUIKit/QMUICore
  - QMUIKit/QMUICore (2.0.1)
  - QMUIKit/QMUIMainFrame (2.0.1):
    - QMUIKit/QMUIComponents/QMUIEmptyView
    - QMUIKit/QMUIComponents/QMUIKeyboardManager
    - QMUIKit/QMUIComponents/QMUILabel
    - QMUIKit/QMUIComponents/QMUINavigationTitleView
    - QMUIKit/QMUIComponents/QMUITableView
    - QMUIKit/QMUICore
  - QMUIKit/QMUIResources (2.0.1)
  - SDCycleScrollView (1.74):
    - SDWebImage (>= 4.0.0)
  - SDWebImage (4.2.2):
    - SDWebImage/Core (= 4.2.2)
  - SDWebImage/Core (4.2.2)
  - SVProgressHUD (2.2.2)
  - TOWebViewController (2.2.6):
    - TOWebViewController/Core (= 2.2.6)
  - TOWebViewController/Core (2.2.6)
  - TZImagePickerController (1.9.3)
  - "UITableView+FDTemplateLayoutCell (1.6)"
  - UMengUShare/Core (6.4.6):
    - UMengUShare/Network
  - UMengUShare/Network (6.4.6)
  - UMengUShare/Social/QQ (6.4.6):
    - UMengUShare/Core
    - UMengUShare/Social/ReducedQQ
  - UMengUShare/Social/ReducedQQ (6.4.6):
    - UMengUShare/Core
  - UMengUShare/Social/ReducedWeChat (6.4.6):
    - UMengUShare/Core
  - UMengUShare/Social/WeChat (6.4.6):
    - UMengUShare/Core
    - UMengUShare/Social/ReducedWeChat
  - WebViewJavascriptBridge (6.0.2)
  - WZLBadge (1.2.6)
  - ZBarSDK (1.3.1)

DEPENDENCIES:
  - AFNetworking
  - AMap3DMap
  - AMapLocation
  - AMapSearch
  - BEMCheckBox
  - Bugly
  - DateTools
  - DZNEmptyDataSet
  - FDFullscreenPopGesture (= 1.1)
  - FSCalendar
  - IQKeyboardManager
  - JDFTooltips
  - JPush
  - LBXScan (~> 2.2)
  - Masonry
  - MJExtension
  - MJRefresh
  - pop
  - QMUIKit
  - SDCycleScrollView (~> 1.64)
  - SDWebImage
  - SVProgressHUD
  - TOWebViewController
  - TZImagePickerController
  - "UITableView+FDTemplateLayoutCell"
  - UMengUShare/Social/QQ
  - UMengUShare/Social/WeChat
  - WebViewJavascriptBridge
  - WZLBadge

SPEC REPOS:
  https://github.com/cocoapods/specs.git:
    - AFNetworking
    - AMap3DMap
    - AMapFoundation
    - AMapLocation
    - AMapSearch
    - BEMCheckBox
    - Bugly
    - DateTools
    - DZNEmptyDataSet
    - FDFullscreenPopGesture
    - FSCalendar
    - IQKeyboardManager
    - JCore
    - JDFTooltips
    - JPush
    - LBXScan
    - Masonry
    - MJExtension
    - MJRefresh
    - pop
    - QMUIKit
    - SDCycleScrollView
    - SDWebImage
    - SVProgressHUD
    - TOWebViewController
    - TZImagePickerController
    - "UITableView+FDTemplateLayoutCell"
    - UMengUShare
    - WebViewJavascriptBridge
    - WZLBadge
    - ZBarSDK

SPEC CHECKSUMS:
  AFNetworking: 5e0e199f73d8626b11e79750991f5d173d1f8b67
  AMap3DMap: 3eb906ac6b9d488413ab26c24f67eca4b4ad4641
  AMapFoundation: 6c0471c9a6a0ad17dad46e3d800ad56ca170f82a
  AMapLocation: d02bd8c0081b0bc51b2e4cf89925ef57448263c9
  AMapSearch: 97042f81c1c8ea8adc4b1dadf1b1a688210aa141
  BEMCheckBox: 5ba6e37ade3d3657b36caecc35c8b75c6c2b1a4e
  Bugly: da3c02408c14838d498429320545a8e439392978
  DateTools: 933ac9c490f21f92127cf690ccd8c397e0126caf
  DZNEmptyDataSet: 9525833b9e68ac21c30253e1d3d7076cc828eaa7
  FDFullscreenPopGesture: a8a620179e3d9c40e8e00256dcee1c1a27c6d0f0
  FSCalendar: 3a5ed3636e2ba1b83ebebfcf0c2603105a6f5efe
  IQKeyboardManager: 077b7f691dfa9d69db9cff66f2bed68ebfc02d9b
  JCore: 18fc8725124f26e55625eaf224659b3a999dcf63
  JDFTooltips: 72a825bdd8a323fb035d5a57c13e1298f5a8e256
  JPush: 111b79b8a0169ab8fd4c486dac3ed166ed69293e
  LBXScan: 31b69c9657404133324e6b68ef814802ef9cacc0
  Masonry: 678fab65091a9290e40e2832a55e7ab731aad201
  MJExtension: 5932755f451458eefa24239358817f8d291240c7
  MJRefresh: 9af70f5f9327a2cf87f0fb5929f35fcc2fa638ea
  pop: 82ca6b068ce9278fd350fd9dd09482a0ce9492e6
  QMUIKit: 5f4c9c075c5675552cee21dc0efd3e6f1a8e005d
  SDCycleScrollView: f821215226f6146a35470721a9d6e83ec5cfb04b
  SDWebImage: 89a9d32cd520bbb46eb14e541d5109b3564af198
  SVProgressHUD: 59b2d3dabacbd051576d21d32293ca7228dc18b0
  TOWebViewController: a29908019f7e0e0f8eccfab8a1ee8dcdf4fc5aac
  TZImagePickerController: 079ab986018c22793462e531045a75e366b18252
  "UITableView+FDTemplateLayoutCell": 5c949b4a5059c404b442926c0e80f81d10a2d66f
  UMengUShare: fdbbf86353976727af26a66e9a84314ecb59c816
  WebViewJavascriptBridge: 791ee0e26d1bf15efe5fb7fb9666a71a19b89d77
  WZLBadge: 9ec779dcfd94c825518b395e8315fccaabff1bfa
  ZBarSDK: 4c1b5daeb7d6cc67dc9355e690af0230a661f6ec

PODFILE CHECKSUM: d394b7fba3a7f4cb25ca77c8aa06dcf830155899

COCOAPODS: 1.6.0.beta.2
